// !$*UTF8*$!
{
	archiveVersion = 1;
	classes = {
	};
	objectVersion = 56;
	objects = {

/* Begin PBXBuildFile section */
		0A47A8102C2202360074E928 /* AppDelegate.swift in Sources */ = {isa = PBXBuildFile; fileRef = 0A47A80F2C2202360074E928 /* AppDelegate.swift */; };
		0A47A8122C2202360074E928 /* SceneDelegate.swift in Sources */ = {isa = PBXBuildFile; fileRef = 0A47A8112C2202360074E928 /* SceneDelegate.swift */; };
		0A47A8142C2202360074E928 /* CatsListingController.swift in Sources */ = {isa = PBXBuildFile; fileRef = 0A47A8132C2202360074E928 /* CatsListingController.swift */; };
		0A47A8172C2202360074E928 /* Main.storyboard in Resources */ = {isa = PBXBuildFile; fileRef = 0A47A8152C2202360074E928 /* Main.storyboard */; };
		0A47A8192C2202370074E928 /* Assets.xcassets in Resources */ = {isa = PBXBuildFile; fileRef = 0A47A8182C2202370074E928 /* Assets.xcassets */; };
		0A47A81C2C2202370074E928 /* LaunchScreen.storyboard in Resources */ = {isa = PBXBuildFile; fileRef = 0A47A81A2C2202370074E928 /* LaunchScreen.storyboard */; };
		0A47A8272C2202370074E928 /* CatsAppTests.swift in Sources */ = {isa = PBXBuildFile; fileRef = 0A47A8262C2202370074E928 /* CatsAppTests.swift */; };
		0A47A8312C2202380074E928 /* CatsAppUITests.swift in Sources */ = {isa = PBXBuildFile; fileRef = 0A47A8302C2202380074E928 /* CatsAppUITests.swift */; };
		0A47A8332C2202380074E928 /* CatsAppUITestsLaunchTests.swift in Sources */ = {isa = PBXBuildFile; fileRef = 0A47A8322C2202380074E928 /* CatsAppUITestsLaunchTests.swift */; };
		0A47A84B2C2204000074E928 /* AppEnvironment.swift in Sources */ = {isa = PBXBuildFile; fileRef = 0A47A84A2C2204000074E928 /* AppEnvironment.swift */; };
		0A47A84D2C22056D0074E928 /* APILoader.swift in Sources */ = {isa = PBXBuildFile; fileRef = 0A47A84C2C22056D0074E928 /* APILoader.swift */; };
		0A47A84F2C2205B10074E928 /* APIError.swift in Sources */ = {isa = PBXBuildFile; fileRef = 0A47A84E2C2205B10074E928 /* APIError.swift */; };
		0A47A8512C2206160074E928 /* APIHandler.swift in Sources */ = {isa = PBXBuildFile; fileRef = 0A47A8502C2206160074E928 /* APIHandler.swift */; };
		0A47A8532C22067E0074E928 /* ApiPaths.swift in Sources */ = {isa = PBXBuildFile; fileRef = 0A47A8522C22067E0074E928 /* ApiPaths.swift */; };
		0A47A8562C22088D0074E928 /* CatsApp.xcdatamodeld in Sources */ = {isa = PBXBuildFile; fileRef = 0A47A8542C22088D0074E928 /* CatsApp.xcdatamodeld */; };
		0A47A8582C2208A90074E928 /* PersistenceController.swift in Sources */ = {isa = PBXBuildFile; fileRef = 0A47A8572C2208A90074E928 /* PersistenceController.swift */; };
		0A47A85A2C2209B00074E928 /* Coordinator.swift in Sources */ = {isa = PBXBuildFile; fileRef = 0A47A8592C2209B00074E928 /* Coordinator.swift */; };
		0A47A85C2C220A3A0074E928 /* StoryboardName.swift in Sources */ = {isa = PBXBuildFile; fileRef = 0A47A85B2C220A3A0074E928 /* StoryboardName.swift */; };
		0A47A85E2C220A550074E928 /* Storyboarded.swift in Sources */ = {isa = PBXBuildFile; fileRef = 0A47A85D2C220A550074E928 /* Storyboarded.swift */; };
		0A47A8662C220D070074E928 /* CatsListingTableViewCell.swift in Sources */ = {isa = PBXBuildFile; fileRef = 0A47A8642C220D070074E928 /* CatsListingTableViewCell.swift */; };
		0A47A8672C220D070074E928 /* CatsListingTableViewCell.xib in Resources */ = {isa = PBXBuildFile; fileRef = 0A47A8652C220D070074E928 /* CatsListingTableViewCell.xib */; };
		0A47A8692C22123A0074E928 /* CatDetailsViewController.swift in Sources */ = {isa = PBXBuildFile; fileRef = 0A47A8682C2212390074E928 /* CatDetailsViewController.swift */; };
/* End PBXBuildFile section */

/* Begin PBXContainerItemProxy section */
		0A47A8232C2202370074E928 /* PBXContainerItemProxy */ = {
			isa = PBXContainerItemProxy;
			containerPortal = 0A47A8042C2202360074E928 /* Project object */;
			proxyType = 1;
			remoteGlobalIDString = 0A47A80B2C2202360074E928;
			remoteInfo = CatsApp;
		};
		0A47A82D2C2202380074E928 /* PBXContainerItemProxy */ = {
			isa = PBXContainerItemProxy;
			containerPortal = 0A47A8042C2202360074E928 /* Project object */;
			proxyType = 1;
			remoteGlobalIDString = 0A47A80B2C2202360074E928;
			remoteInfo = CatsApp;
		};
/* End PBXContainerItemProxy section */

/* Begin PBXFileReference section */
		0A47A80C2C2202360074E928 /* CatsApp.app */ = {isa = PBXFileReference; explicitFileType = wrapper.application; includeInIndex = 0; path = CatsApp.app; sourceTree = BUILT_PRODUCTS_DIR; };
		0A47A80F2C2202360074E928 /* AppDelegate.swift */ = {isa = PBXFileReference; lastKnownFileType = sourcecode.swift; path = AppDelegate.swift; sourceTree = "<group>"; };
		0A47A8112C2202360074E928 /* SceneDelegate.swift */ = {isa = PBXFileReference; lastKnownFileType = sourcecode.swift; path = SceneDelegate.swift; sourceTree = "<group>"; };
		0A47A8132C2202360074E928 /* CatsListingController.swift */ = {isa = PBXFileReference; lastKnownFileType = sourcecode.swift; path = CatsListingController.swift; sourceTree = "<group>"; };
		0A47A8162C2202360074E928 /* Base */ = {isa = PBXFileReference; lastKnownFileType = file.storyboard; name = Base; path = Base.lproj/Main.storyboard; sourceTree = "<group>"; };
		0A47A8182C2202370074E928 /* Assets.xcassets */ = {isa = PBXFileReference; lastKnownFileType = folder.assetcatalog; path = Assets.xcassets; sourceTree = "<group>"; };
		0A47A81B2C2202370074E928 /* Base */ = {isa = PBXFileReference; lastKnownFileType = file.storyboard; name = Base; path = Base.lproj/LaunchScreen.storyboard; sourceTree = "<group>"; };
		0A47A81D2C2202370074E928 /* Info.plist */ = {isa = PBXFileReference; lastKnownFileType = text.plist.xml; path = Info.plist; sourceTree = "<group>"; };
		0A47A8222C2202370074E928 /* CatsAppTests.xctest */ = {isa = PBXFileReference; explicitFileType = wrapper.cfbundle; includeInIndex = 0; path = CatsAppTests.xctest; sourceTree = BUILT_PRODUCTS_DIR; };
		0A47A8262C2202370074E928 /* CatsAppTests.swift */ = {isa = PBXFileReference; lastKnownFileType = sourcecode.swift; path = CatsAppTests.swift; sourceTree = "<group>"; };
		0A47A82C2C2202380074E928 /* CatsAppUITests.xctest */ = {isa = PBXFileReference; explicitFileType = wrapper.cfbundle; includeInIndex = 0; path = CatsAppUITests.xctest; sourceTree = BUILT_PRODUCTS_DIR; };
		0A47A8302C2202380074E928 /* CatsAppUITests.swift */ = {isa = PBXFileReference; lastKnownFileType = sourcecode.swift; path = CatsAppUITests.swift; sourceTree = "<group>"; };
		0A47A8322C2202380074E928 /* CatsAppUITestsLaunchTests.swift */ = {isa = PBXFileReference; lastKnownFileType = sourcecode.swift; path = CatsAppUITestsLaunchTests.swift; sourceTree = "<group>"; };
		0A47A84A2C2204000074E928 /* AppEnvironment.swift */ = {isa = PBXFileReference; lastKnownFileType = sourcecode.swift; path = AppEnvironment.swift; sourceTree = "<group>"; };
		0A47A84C2C22056D0074E928 /* APILoader.swift */ = {isa = PBXFileReference; lastKnownFileType = sourcecode.swift; path = APILoader.swift; sourceTree = "<group>"; };
		0A47A84E2C2205B10074E928 /* APIError.swift */ = {isa = PBXFileReference; lastKnownFileType = sourcecode.swift; path = APIError.swift; sourceTree = "<group>"; };
		0A47A8502C2206160074E928 /* APIHandler.swift */ = {isa = PBXFileReference; lastKnownFileType = sourcecode.swift; path = APIHandler.swift; sourceTree = "<group>"; };
		0A47A8522C22067E0074E928 /* ApiPaths.swift */ = {isa = PBXFileReference; lastKnownFileType = sourcecode.swift; path = ApiPaths.swift; sourceTree = "<group>"; };
		0A47A8552C22088D0074E928 /* CatsApp.xcdatamodel */ = {isa = PBXFileReference; lastKnownFileType = wrapper.xcdatamodel; path = CatsApp.xcdatamodel; sourceTree = "<group>"; };
		0A47A8572C2208A90074E928 /* PersistenceController.swift */ = {isa = PBXFileReference; lastKnownFileType = sourcecode.swift; path = PersistenceController.swift; sourceTree = "<group>"; };
		0A47A8592C2209B00074E928 /* Coordinator.swift */ = {isa = PBXFileReference; lastKnownFileType = sourcecode.swift; path = Coordinator.swift; sourceTree = "<group>"; };
		0A47A85B2C220A3A0074E928 /* StoryboardName.swift */ = {isa = PBXFileReference; lastKnownFileType = sourcecode.swift; path = StoryboardName.swift; sourceTree = "<group>"; };
		0A47A85D2C220A550074E928 /* Storyboarded.swift */ = {isa = PBXFileReference; lastKnownFileType = sourcecode.swift; path = Storyboarded.swift; sourceTree = "<group>"; };
		0A47A8642C220D070074E928 /* CatsListingTableViewCell.swift */ = {isa = PBXFileReference; lastKnownFileType = sourcecode.swift; path = CatsListingTableViewCell.swift; sourceTree = "<group>"; };
		0A47A8652C220D070074E928 /* CatsListingTableViewCell.xib */ = {isa = PBXFileReference; lastKnownFileType = file.xib; path = CatsListingTableViewCell.xib; sourceTree = "<group>"; };
		0A47A8682C2212390074E928 /* CatDetailsViewController.swift */ = {isa = PBXFileReference; lastKnownFileType = sourcecode.swift; path = CatDetailsViewController.swift; sourceTree = "<group>"; };
/* End PBXFileReference section */

/* Begin PBXFrameworksBuildPhase section */
		0A47A8092C2202360074E928 /* Frameworks */ = {
			isa = PBXFrameworksBuildPhase;
			buildActionMask = 2147483647;
			files = (
			);
			runOnlyForDeploymentPostprocessing = 0;
		};
		0A47A81F2C2202370074E928 /* Frameworks */ = {
			isa = PBXFrameworksBuildPhase;
			buildActionMask = 2147483647;
			files = (
			);
			runOnlyForDeploymentPostprocessing = 0;
		};
		0A47A8292C2202380074E928 /* Frameworks */ = {
			isa = PBXFrameworksBuildPhase;
			buildActionMask = 2147483647;
			files = (
			);
			runOnlyForDeploymentPostprocessing = 0;
		};
/* End PBXFrameworksBuildPhase section */

/* Begin PBXGroup section */
		0A47A8032C2202360074E928 = {
			isa = PBXGroup;
			children = (
				0A47A80E2C2202360074E928 /* CatsApp */,
				0A47A8252C2202370074E928 /* CatsAppTests */,
				0A47A82F2C2202380074E928 /* CatsAppUITests */,
				0A47A80D2C2202360074E928 /* Products */,
			);
			sourceTree = "<group>";
		};
		0A47A80D2C2202360074E928 /* Products */ = {
			isa = PBXGroup;
			children = (
				0A47A80C2C2202360074E928 /* CatsApp.app */,
				0A47A8222C2202370074E928 /* CatsAppTests.xctest */,
				0A47A82C2C2202380074E928 /* CatsAppUITests.xctest */,
			);
			name = Products;
			sourceTree = "<group>";
		};
		0A47A80E2C2202360074E928 /* CatsApp */ = {
			isa = PBXGroup;
			children = (
				0A47A8482C2203190074E928 /* Utilities */,
				0A47A8472C22030E0074E928 /* Network */,
				0A47A8462C2202F70074E928 /* Storyboards */,
				0A47A8452C2202E90074E928 /* Coredata */,
				0A47A8442C2202D30074E928 /* Coordinators */,
				0A47A8432C2202C10074E928 /* Services */,
				0A47A8422C2202B40074E928 /* Models */,
				0A47A8412C2202780074E928 /* ViewModels */,
				0A47A8402C2202710074E928 /* Views */,
				0A47A83F2C22024C0074E928 /* Application */,
				0A47A8182C2202370074E928 /* Assets.xcassets */,
				0A47A81D2C2202370074E928 /* Info.plist */,
			);
			path = CatsApp;
			sourceTree = "<group>";
		};
		0A47A8252C2202370074E928 /* CatsAppTests */ = {
			isa = PBXGroup;
			children = (
				0A47A8262C2202370074E928 /* CatsAppTests.swift */,
			);
			path = CatsAppTests;
			sourceTree = "<group>";
		};
		0A47A82F2C2202380074E928 /* CatsAppUITests */ = {
			isa = PBXGroup;
			children = (
				0A47A8302C2202380074E928 /* CatsAppUITests.swift */,
				0A47A8322C2202380074E928 /* CatsAppUITestsLaunchTests.swift */,
			);
			path = CatsAppUITests;
			sourceTree = "<group>";
		};
		0A47A83F2C22024C0074E928 /* Application */ = {
			isa = PBXGroup;
			children = (
				0A47A8112C2202360074E928 /* SceneDelegate.swift */,
				0A47A80F2C2202360074E928 /* AppDelegate.swift */,
			);
			path = Application;
			sourceTree = "<group>";
		};
		0A47A8402C2202710074E928 /* Views */ = {
			isa = PBXGroup;
			children = (
				0A47A85F2C220C840074E928 /* TableViewCells */,
				0A47A8492C22033E0074E928 /* Controllers */,
			);
			path = Views;
			sourceTree = "<group>";
		};
		0A47A8412C2202780074E928 /* ViewModels */ = {
			isa = PBXGroup;
			children = (
			);
			path = ViewModels;
			sourceTree = "<group>";
		};
		0A47A8422C2202B40074E928 /* Models */ = {
			isa = PBXGroup;
			children = (
			);
			path = Models;
			sourceTree = "<group>";
		};
		0A47A8432C2202C10074E928 /* Services */ = {
			isa = PBXGroup;
			children = (
			);
			path = Services;
			sourceTree = "<group>";
		};
		0A47A8442C2202D30074E928 /* Coordinators */ = {
			isa = PBXGroup;
			children = (
				0A47A8592C2209B00074E928 /* Coordinator.swift */,
				0A47A85B2C220A3A0074E928 /* StoryboardName.swift */,
				0A47A85D2C220A550074E928 /* Storyboarded.swift */,
			);
			path = Coordinators;
			sourceTree = "<group>";
		};
		0A47A8452C2202E90074E928 /* Coredata */ = {
			isa = PBXGroup;
			children = (
				0A47A8542C22088D0074E928 /* CatsApp.xcdatamodeld */,
				0A47A8572C2208A90074E928 /* PersistenceController.swift */,
			);
			path = Coredata;
			sourceTree = "<group>";
		};
		0A47A8462C2202F70074E928 /* Storyboards */ = {
			isa = PBXGroup;
			children = (
				0A47A8152C2202360074E928 /* Main.storyboard */,
				0A47A81A2C2202370074E928 /* LaunchScreen.storyboard */,
			);
			path = Storyboards;
			sourceTree = "<group>";
		};
		0A47A8472C22030E0074E928 /* Network */ = {
			isa = PBXGroup;
			children = (
				0A47A84A2C2204000074E928 /* AppEnvironment.swift */,
				0A47A84C2C22056D0074E928 /* APILoader.swift */,
				0A47A84E2C2205B10074E928 /* APIError.swift */,
				0A47A8502C2206160074E928 /* APIHandler.swift */,
				0A47A8522C22067E0074E928 /* ApiPaths.swift */,
			);
			path = Network;
			sourceTree = "<group>";
		};
		0A47A8482C2203190074E928 /* Utilities */ = {
			isa = PBXGroup;
			children = (
			);
			path = Utilities;
			sourceTree = "<group>";
		};
		0A47A8492C22033E0074E928 /* Controllers */ = {
			isa = PBXGroup;
			children = (
				0A47A8132C2202360074E928 /* CatsListingController.swift */,
				0A47A8682C2212390074E928 /* CatDetailsViewController.swift */,
			);
			path = Controllers;
			sourceTree = "<group>";
		};
		0A47A85F2C220C840074E928 /* TableViewCells */ = {
			isa = PBXGroup;
			children = (
				0A47A8642C220D070074E928 /* CatsListingTableViewCell.swift */,
				0A47A8652C220D070074E928 /* CatsListingTableViewCell.xib */,
			);
			path = TableViewCells;
			sourceTree = "<group>";
		};
/* End PBXGroup section */

/* Begin PBXNativeTarget section */
		0A47A80B2C2202360074E928 /* CatsApp */ = {
			isa = PBXNativeTarget;
			buildConfigurationList = 0A47A8362C2202380074E928 /* Build configuration list for PBXNativeTarget "CatsApp" */;
			buildPhases = (
				0A47A8082C2202360074E928 /* Sources */,
				0A47A8092C2202360074E928 /* Frameworks */,
				0A47A80A2C2202360074E928 /* Resources */,
			);
			buildRules = (
			);
			dependencies = (
			);
			name = CatsApp;
			productName = CatsApp;
			productReference = 0A47A80C2C2202360074E928 /* CatsApp.app */;
			productType = "com.apple.product-type.application";
		};
		0A47A8212C2202370074E928 /* CatsAppTests */ = {
			isa = PBXNativeTarget;
			buildConfigurationList = 0A47A8392C2202380074E928 /* Build configuration list for PBXNativeTarget "CatsAppTests" */;
			buildPhases = (
				0A47A81E2C2202370074E928 /* Sources */,
				0A47A81F2C2202370074E928 /* Frameworks */,
				0A47A8202C2202370074E928 /* Resources */,
			);
			buildRules = (
			);
			dependencies = (
				0A47A8242C2202370074E928 /* PBXTargetDependency */,
			);
			name = CatsAppTests;
			productName = CatsAppTests;
			productReference = 0A47A8222C2202370074E928 /* CatsAppTests.xctest */;
			productType = "com.apple.product-type.bundle.unit-test";
		};
		0A47A82B2C2202380074E928 /* CatsAppUITests */ = {
			isa = PBXNativeTarget;
			buildConfigurationList = 0A47A83C2C2202380074E928 /* Build configuration list for PBXNativeTarget "CatsAppUITests" */;
			buildPhases = (
				0A47A8282C2202380074E928 /* Sources */,
				0A47A8292C2202380074E928 /* Frameworks */,
				0A47A82A2C2202380074E928 /* Resources */,
			);
			buildRules = (
			);
			dependencies = (
				0A47A82E2C2202380074E928 /* PBXTargetDependency */,
			);
			name = CatsAppUITests;
			productName = CatsAppUITests;
			productReference = 0A47A82C2C2202380074E928 /* CatsAppUITests.xctest */;
			productType = "com.apple.product-type.bundle.ui-testing";
		};
/* End PBXNativeTarget section */

/* Begin PBXProject section */
		0A47A8042C2202360074E928 /* Project object */ = {
			isa = PBXProject;
			attributes = {
				BuildIndependentTargetsInParallel = 1;
				LastSwiftUpdateCheck = 1500;
				LastUpgradeCheck = 1500;
				TargetAttributes = {
					0A47A80B2C2202360074E928 = {
						CreatedOnToolsVersion = 15.0;
					};
					0A47A8212C2202370074E928 = {
						CreatedOnToolsVersion = 15.0;
						TestTargetID = 0A47A80B2C2202360074E928;
					};
					0A47A82B2C2202380074E928 = {
						CreatedOnToolsVersion = 15.0;
						TestTargetID = 0A47A80B2C2202360074E928;
					};
				};
			};
			buildConfigurationList = 0A47A8072C2202360074E928 /* Build configuration list for PBXProject "CatsApp" */;
			compatibilityVersion = "Xcode 14.0";
			developmentRegion = en;
			hasScannedForEncodings = 0;
			knownRegions = (
				en,
				Base,
			);
			mainGroup = 0A47A8032C2202360074E928;
			productRefGroup = 0A47A80D2C2202360074E928 /* Products */;
			projectDirPath = "";
			projectRoot = "";
			targets = (
				0A47A80B2C2202360074E928 /* CatsApp */,
				0A47A8212C2202370074E928 /* CatsAppTests */,
				0A47A82B2C2202380074E928 /* CatsAppUITests */,
			);
		};
/* End PBXProject section */

/* Begin PBXResourcesBuildPhase section */
		0A47A80A2C2202360074E928 /* Resources */ = {
			isa = PBXResourcesBuildPhase;
			buildActionMask = 2147483647;
			files = (
				0A47A81C2C2202370074E928 /* LaunchScreen.storyboard in Resources */,
				0A47A8672C220D070074E928 /* CatsListingTableViewCell.xib in Resources */,
				0A47A8192C2202370074E928 /* Assets.xcassets in Resources */,
				0A47A8172C2202360074E928 /* Main.storyboard in Resources */,
			);
			runOnlyForDeploymentPostprocessing = 0;
		};
		0A47A8202C2202370074E928 /* Resources */ = {
			isa = PBXResourcesBuildPhase;
			buildActionMask = 2147483647;
			files = (
			);
			runOnlyForDeploymentPostprocessing = 0;
		};
		0A47A82A2C2202380074E928 /* Resources */ = {
			isa = PBXResourcesBuildPhase;
			buildActionMask = 2147483647;
			files = (
			);
			runOnlyForDeploymentPostprocessing = 0;
		};
/* End PBXResourcesBuildPhase section */

/* Begin PBXSourcesBuildPhase section */
		0A47A8082C2202360074E928 /* Sources */ = {
			isa = PBXSourcesBuildPhase;
			buildActionMask = 2147483647;
			files = (
				0A47A8692C22123A0074E928 /* CatDetailsViewController.swift in Sources */,
				0A47A8512C2206160074E928 /* APIHandler.swift in Sources */,
				0A47A8142C2202360074E928 /* CatsListingController.swift in Sources */,
				0A47A84B2C2204000074E928 /* AppEnvironment.swift in Sources */,
				0A47A8532C22067E0074E928 /* ApiPaths.swift in Sources */,
				0A47A84D2C22056D0074E928 /* APILoader.swift in Sources */,
				0A47A85E2C220A550074E928 /* Storyboarded.swift in Sources */,
				0A47A8562C22088D0074E928 /* CatsApp.xcdatamodeld in Sources */,
				0A47A85A2C2209B00074E928 /* Coordinator.swift in Sources */,
				0A47A8102C2202360074E928 /* AppDelegate.swift in Sources */,
				0A47A8122C2202360074E928 /* SceneDelegate.swift in Sources */,
				0A47A85C2C220A3A0074E928 /* StoryboardName.swift in Sources */,
				0A47A8662C220D070074E928 /* CatsListingTableViewCell.swift in Sources */,
				0A47A84F2C2205B10074E928 /* APIError.swift in Sources */,
				0A47A8582C2208A90074E928 /* PersistenceController.swift in Sources */,
			);
			runOnlyForDeploymentPostprocessing = 0;
		};
		0A47A81E2C2202370074E928 /* Sources */ = {
			isa = PBXSourcesBuildPhase;
			buildActionMask = 2147483647;
			files = (
				0A47A8272C2202370074E928 /* CatsAppTests.swift in Sources */,
			);
			runOnlyForDeploymentPostprocessing = 0;
		};
		0A47A8282C2202380074E928 /* Sources */ = {
			isa = PBXSourcesBuildPhase;
			buildActionMask = 2147483647;
			files = (
				0A47A8312C2202380074E928 /* CatsAppUITests.swift in Sources */,
				0A47A8332C2202380074E928 /* CatsAppUITestsLaunchTests.swift in Sources */,
			);
			runOnlyForDeploymentPostprocessing = 0;
		};
/* End PBXSourcesBuildPhase section */

/* Begin PBXTargetDependency section */
		0A47A8242C2202370074E928 /* PBXTargetDependency */ = {
			isa = PBXTargetDependency;
			target = 0A47A80B2C2202360074E928 /* CatsApp */;
			targetProxy = 0A47A8232C2202370074E928 /* PBXContainerItemProxy */;
		};
		0A47A82E2C2202380074E928 /* PBXTargetDependency */ = {
			isa = PBXTargetDependency;
			target = 0A47A80B2C2202360074E928 /* CatsApp */;
			targetProxy = 0A47A82D2C2202380074E928 /* PBXContainerItemProxy */;
		};
/* End PBXTargetDependency section */

/* Begin PBXVariantGroup section */
		0A47A8152C2202360074E928 /* Main.storyboard */ = {
			isa = PBXVariantGroup;
			children = (
				0A47A8162C2202360074E928 /* Base */,
			);
			name = Main.storyboard;
			sourceTree = "<group>";
		};
		0A47A81A2C2202370074E928 /* LaunchScreen.storyboard */ = {
			isa = PBXVariantGroup;
			children = (
				0A47A81B2C2202370074E928 /* Base */,
			);
			name = LaunchScreen.storyboard;
			sourceTree = "<group>";
		};
/* End PBXVariantGroup section */

/* Begin XCBuildConfiguration section */
		0A47A8342C2202380074E928 /* Debug */ = {
			isa = XCBuildConfiguration;
			buildSettings = {
				ALWAYS_SEARCH_USER_PATHS = NO;
				ASSETCATALOG_COMPILER_GENERATE_SWIFT_ASSET_SYMBOL_EXTENSIONS = YES;
				CLANG_ANALYZER_NONNULL = YES;
				CLANG_ANALYZER_NUMBER_OBJECT_CONVERSION = YES_AGGRESSIVE;
				CLANG_CXX_LANGUAGE_STANDARD = "gnu++20";
				CLANG_ENABLE_MODULES = YES;
				CLANG_ENABLE_OBJC_ARC = YES;
				CLANG_ENABLE_OBJC_WEAK = YES;
				CLANG_WARN_BLOCK_CAPTURE_AUTORELEASING = YES;
				CLANG_WARN_BOOL_CONVERSION = YES;
				CLANG_WARN_COMMA = YES;
				CLANG_WARN_CONSTANT_CONVERSION = YES;
				CLANG_WARN_DEPRECATED_OBJC_IMPLEMENTATIONS = YES;
				CLANG_WARN_DIRECT_OBJC_ISA_USAGE = YES_ERROR;
				CLANG_WARN_DOCUMENTATION_COMMENTS = YES;
				CLANG_WARN_EMPTY_BODY = YES;
				CLANG_WARN_ENUM_CONVERSION = YES;
				CLANG_WARN_INFINITE_RECURSION = YES;
				CLANG_WARN_INT_CONVERSION = YES;
				CLANG_WARN_NON_LITERAL_NULL_CONVERSION = YES;
				CLANG_WARN_OBJC_IMPLICIT_RETAIN_SELF = YES;
				CLANG_WARN_OBJC_LITERAL_CONVERSION = YES;
				CLANG_WARN_OBJC_ROOT_CLASS = YES_ERROR;
				CLANG_WARN_QUOTED_INCLUDE_IN_FRAMEWORK_HEADER = YES;
				CLANG_WARN_RANGE_LOOP_ANALYSIS = YES;
				CLANG_WARN_STRICT_PROTOTYPES = YES;
				CLANG_WARN_SUSPICIOUS_MOVE = YES;
				CLANG_WARN_UNGUARDED_AVAILABILITY = YES_AGGRESSIVE;
				CLANG_WARN_UNREACHABLE_CODE = YES;
				CLANG_WARN__DUPLICATE_METHOD_MATCH = YES;
				COPY_PHASE_STRIP = NO;
				DEBUG_INFORMATION_FORMAT = dwarf;
				ENABLE_STRICT_OBJC_MSGSEND = YES;
				ENABLE_TESTABILITY = YES;
				ENABLE_USER_SCRIPT_SANDBOXING = YES;
				GCC_C_LANGUAGE_STANDARD = gnu17;
				GCC_DYNAMIC_NO_PIC = NO;
				GCC_NO_COMMON_BLOCKS = YES;
				GCC_OPTIMIZATION_LEVEL = 0;
				GCC_PREPROCESSOR_DEFINITIONS = (
					"DEBUG=1",
					"$(inherited)",
				);
				GCC_WARN_64_TO_32_BIT_CONVERSION = YES;
				GCC_WARN_ABOUT_RETURN_TYPE = YES_ERROR;
				GCC_WARN_UNDECLARED_SELECTOR = YES;
				GCC_WARN_UNINITIALIZED_AUTOS = YES_AGGRESSIVE;
				GCC_WARN_UNUSED_FUNCTION = YES;
				GCC_WARN_UNUSED_VARIABLE = YES;
				IPHONEOS_DEPLOYMENT_TARGET = 17.0;
				LOCALIZATION_PREFERS_STRING_CATALOGS = YES;
				MTL_ENABLE_DEBUG_INFO = INCLUDE_SOURCE;
				MTL_FAST_MATH = YES;
				ONLY_ACTIVE_ARCH = YES;
				SDKROOT = iphoneos;
				SWIFT_ACTIVE_COMPILATION_CONDITIONS = "DEBUG $(inherited)";
				SWIFT_OPTIMIZATION_LEVEL = "-Onone";
			};
			name = Debug;
		};
		0A47A8352C2202380074E928 /* Release */ = {
			isa = XCBuildConfiguration;
			buildSettings = {
				ALWAYS_SEARCH_USER_PATHS = NO;
				ASSETCATALOG_COMPILER_GENERATE_SWIFT_ASSET_SYMBOL_EXTENSIONS = YES;
				CLANG_ANALYZER_NONNULL = YES;
				CLANG_ANALYZER_NUMBER_OBJECT_CONVERSION = YES_AGGRESSIVE;
				CLANG_CXX_LANGUAGE_STANDARD = "gnu++20";
				CLANG_ENABLE_MODULES = YES;
				CLANG_ENABLE_OBJC_ARC = YES;
				CLANG_ENABLE_OBJC_WEAK = YES;
				CLANG_WARN_BLOCK_CAPTURE_AUTORELEASING = YES;
				CLANG_WARN_BOOL_CONVERSION = YES;
				CLANG_WARN_COMMA = YES;
				CLANG_WARN_CONSTANT_CONVERSION = YES;
				CLANG_WARN_DEPRECATED_OBJC_IMPLEMENTATIONS = YES;
				CLANG_WARN_DIRECT_OBJC_ISA_USAGE = YES_ERROR;
				CLANG_WARN_DOCUMENTATION_COMMENTS = YES;
				CLANG_WARN_EMPTY_BODY = YES;
				CLANG_WARN_ENUM_CONVERSION = YES;
				CLANG_WARN_INFINITE_RECURSION = YES;
				CLANG_WARN_INT_CONVERSION = YES;
				CLANG_WARN_NON_LITERAL_NULL_CONVERSION = YES;
				CLANG_WARN_OBJC_IMPLICIT_RETAIN_SELF = YES;
				CLANG_WARN_OBJC_LITERAL_CONVERSION = YES;
				CLANG_WARN_OBJC_ROOT_CLASS = YES_ERROR;
				CLANG_WARN_QUOTED_INCLUDE_IN_FRAMEWORK_HEADER = YES;
				CLANG_WARN_RANGE_LOOP_ANALYSIS = YES;
				CLANG_WARN_STRICT_PROTOTYPES = YES;
				CLANG_WARN_SUSPICIOUS_MOVE = YES;
				CLANG_WARN_UNGUARDED_AVAILABILITY = YES_AGGRESSIVE;
				CLANG_WARN_UNREACHABLE_CODE = YES;
				CLANG_WARN__DUPLICATE_METHOD_MATCH = YES;
				COPY_PHASE_STRIP = NO;
				DEBUG_INFORMATION_FORMAT = "dwarf-with-dsym";
				ENABLE_NS_ASSERTIONS = NO;
				ENABLE_STRICT_OBJC_MSGSEND = YES;
				ENABLE_USER_SCRIPT_SANDBOXING = YES;
				GCC_C_LANGUAGE_STANDARD = gnu17;
				GCC_NO_COMMON_BLOCKS = YES;
				GCC_WARN_64_TO_32_BIT_CONVERSION = YES;
				GCC_WARN_ABOUT_RETURN_TYPE = YES_ERROR;
				GCC_WARN_UNDECLARED_SELECTOR = YES;
				GCC_WARN_UNINITIALIZED_AUTOS = YES_AGGRESSIVE;
				GCC_WARN_UNUSED_FUNCTION = YES;
				GCC_WARN_UNUSED_VARIABLE = YES;
				IPHONEOS_DEPLOYMENT_TARGET = 17.0;
				LOCALIZATION_PREFERS_STRING_CATALOGS = YES;
				MTL_ENABLE_DEBUG_INFO = NO;
				MTL_FAST_MATH = YES;
				SDKROOT = iphoneos;
				SWIFT_COMPILATION_MODE = wholemodule;
				VALIDATE_PRODUCT = YES;
			};
			name = Release;
		};
		0A47A8372C2202380074E928 /* Debug */ = {
			isa = XCBuildConfiguration;
			buildSettings = {
				ASSETCATALOG_COMPILER_APPICON_NAME = AppIcon;
				ASSETCATALOG_COMPILER_GLOBAL_ACCENT_COLOR_NAME = AccentColor;
				CODE_SIGN_STYLE = Automatic;
				CURRENT_PROJECT_VERSION = 1;
				GENERATE_INFOPLIST_FILE = YES;
				INFOPLIST_FILE = CatsApp/Info.plist;
				INFOPLIST_KEY_UIApplicationSupportsIndirectInputEvents = YES;
				INFOPLIST_KEY_UILaunchStoryboardName = LaunchScreen;
				INFOPLIST_KEY_UIMainStoryboardFile = Main;
				INFOPLIST_KEY_UISupportedInterfaceOrientations_iPad = "UIInterfaceOrientationPortrait UIInterfaceOrientationPortraitUpsideDown UIInterfaceOrientationLandscapeLeft UIInterfaceOrientationLandscapeRight";
				INFOPLIST_KEY_UISupportedInterfaceOrientations_iPhone = "UIInterfaceOrientationPortrait UIInterfaceOrientationLandscapeLeft UIInterfaceOrientationLandscapeRight";
				LD_RUNPATH_SEARCH_PATHS = (
					"$(inherited)",
					"@executable_path/Frameworks",
				);
				MARKETING_VERSION = 1.0;
				PRODUCT_BUNDLE_IDENTIFIER = com.selil.CatsApp;
				PRODUCT_NAME = "$(TARGET_NAME)";
				SWIFT_EMIT_LOC_STRINGS = YES;
				SWIFT_VERSION = 5.0;
				TARGETED_DEVICE_FAMILY = "1,2";
			};
			name = Debug;
		};
		0A47A8382C2202380074E928 /* Release */ = {
			isa = XCBuildConfiguration;
			buildSettings = {
				ASSETCATALOG_COMPILER_APPICON_NAME = AppIcon;
				ASSETCATALOG_COMPILER_GLOBAL_ACCENT_COLOR_NAME = AccentColor;
				CODE_SIGN_STYLE = Automatic;
				CURRENT_PROJECT_VERSION = 1;
				GENERATE_INFOPLIST_FILE = YES;
				INFOPLIST_FILE = CatsApp/Info.plist;
				INFOPLIST_KEY_UIApplicationSupportsIndirectInputEvents = YES;
				INFOPLIST_KEY_UILaunchStoryboardName = LaunchScreen;
				INFOPLIST_KEY_UIMainStoryboardFile = Main;
				INFOPLIST_KEY_UISupportedInterfaceOrientations_iPad = "UIInterfaceOrientationPortrait UIInterfaceOrientationPortraitUpsideDown UIInterfaceOrientationLandscapeLeft UIInterfaceOrientationLandscapeRight";
				INFOPLIST_KEY_UISupportedInterfaceOrientations_iPhone = "UIInterfaceOrientationPortrait UIInterfaceOrientationLandscapeLeft UIInterfaceOrientationLandscapeRight";
				LD_RUNPATH_SEARCH_PATHS = (
					"$(inherited)",
					"@executable_path/Frameworks",
				);
				MARKETING_VERSION = 1.0;
				PRODUCT_BUNDLE_IDENTIFIER = com.selil.CatsApp;
				PRODUCT_NAME = "$(TARGET_NAME)";
				SWIFT_EMIT_LOC_STRINGS = YES;
				SWIFT_VERSION = 5.0;
				TARGETED_DEVICE_FAMILY = "1,2";
			};
			name = Release;
		};
		0A47A83A2C2202380074E928 /* Debug */ = {
			isa = XCBuildConfiguration;
			buildSettings = {
				ALWAYS_EMBED_SWIFT_STANDARD_LIBRARIES = YES;
				BUNDLE_LOADER = "$(TEST_HOST)";
				CODE_SIGN_STYLE = Automatic;
				CURRENT_PROJECT_VERSION = 1;
				GENERATE_INFOPLIST_FILE = YES;
				IPHONEOS_DEPLOYMENT_TARGET = 17.0;
				MARKETING_VERSION = 1.0;
				PRODUCT_BUNDLE_IDENTIFIER = com.selil.CatsAppTests;
				PRODUCT_NAME = "$(TARGET_NAME)";
				SWIFT_EMIT_LOC_STRINGS = NO;
				SWIFT_VERSION = 5.0;
				TARGETED_DEVICE_FAMILY = "1,2";
				TEST_HOST = "$(BUILT_PRODUCTS_DIR)/CatsApp.app/$(BUNDLE_EXECUTABLE_FOLDER_PATH)/CatsApp";
			};
			name = Debug;
		};
		0A47A83B2C2202380074E928 /* Release */ = {
			isa = XCBuildConfiguration;
			buildSettings = {
				ALWAYS_EMBED_SWIFT_STANDARD_LIBRARIES = YES;
				BUNDLE_LOADER = "$(TEST_HOST)";
				CODE_SIGN_STYLE = Automatic;
				CURRENT_PROJECT_VERSION = 1;
				GENERATE_INFOPLIST_FILE = YES;
				IPHONEOS_DEPLOYMENT_TARGET = 17.0;
				MARKETING_VERSION = 1.0;
				PRODUCT_BUNDLE_IDENTIFIER = com.selil.CatsAppTests;
				PRODUCT_NAME = "$(TARGET_NAME)";
				SWIFT_EMIT_LOC_STRINGS = NO;
				SWIFT_VERSION = 5.0;
				TARGETED_DEVICE_FAMILY = "1,2";
				TEST_HOST = "$(BUILT_PRODUCTS_DIR)/CatsApp.app/$(BUNDLE_EXECUTABLE_FOLDER_PATH)/CatsApp";
			};
			name = Release;
		};
		0A47A83D2C2202380074E928 /* Debug */ = {
			isa = XCBuildConfiguration;
			buildSettings = {
				ALWAYS_EMBED_SWIFT_STANDARD_LIBRARIES = YES;
				CODE_SIGN_STYLE = Automatic;
				CURRENT_PROJECT_VERSION = 1;
				GENERATE_INFOPLIST_FILE = YES;
				MARKETING_VERSION = 1.0;
				PRODUCT_BUNDLE_IDENTIFIER = com.selil.CatsAppUITests;
				PRODUCT_NAME = "$(TARGET_NAME)";
				SWIFT_EMIT_LOC_STRINGS = NO;
				SWIFT_VERSION = 5.0;
				TARGETED_DEVICE_FAMILY = "1,2";
				TEST_TARGET_NAME = CatsApp;
			};
			name = Debug;
		};
		0A47A83E2C2202380074E928 /* Release */ = {
			isa = XCBuildConfiguration;
			buildSettings = {
				ALWAYS_EMBED_SWIFT_STANDARD_LIBRARIES = YES;
				CODE_SIGN_STYLE = Automatic;
				CURRENT_PROJECT_VERSION = 1;
				GENERATE_INFOPLIST_FILE = YES;
				MARKETING_VERSION = 1.0;
				PRODUCT_BUNDLE_IDENTIFIER = com.selil.CatsAppUITests;
				PRODUCT_NAME = "$(TARGET_NAME)";
				SWIFT_EMIT_LOC_STRINGS = NO;
				SWIFT_VERSION = 5.0;
				TARGETED_DEVICE_FAMILY = "1,2";
				TEST_TARGET_NAME = CatsApp;
			};
			name = Release;
		};
/* End XCBuildConfiguration section */

/* Begin XCConfigurationList section */
		0A47A8072C2202360074E928 /* Build configuration list for PBXProject "CatsApp" */ = {
			isa = XCConfigurationList;
			buildConfigurations = (
				0A47A8342C2202380074E928 /* Debug */,
				0A47A8352C2202380074E928 /* Release */,
			);
			defaultConfigurationIsVisible = 0;
			defaultConfigurationName = Release;
		};
		0A47A8362C2202380074E928 /* Build configuration list for PBXNativeTarget "CatsApp" */ = {
			isa = XCConfigurationList;
			buildConfigurations = (
				0A47A8372C2202380074E928 /* Debug */,
				0A47A8382C2202380074E928 /* Release */,
			);
			defaultConfigurationIsVisible = 0;
			defaultConfigurationName = Release;
		};
		0A47A8392C2202380074E928 /* Build configuration list for PBXNativeTarget "CatsAppTests" */ = {
			isa = XCConfigurationList;
			buildConfigurations = (
				0A47A83A2C2202380074E928 /* Debug */,
				0A47A83B2C2202380074E928 /* Release */,
			);
			defaultConfigurationIsVisible = 0;
			defaultConfigurationName = Release;
		};
		0A47A83C2C2202380074E928 /* Build configuration list for PBXNativeTarget "CatsAppUITests" */ = {
			isa = XCConfigurationList;
			buildConfigurations = (
				0A47A83D2C2202380074E928 /* Debug */,
				0A47A83E2C2202380074E928 /* Release */,
			);
			defaultConfigurationIsVisible = 0;
			defaultConfigurationName = Release;
		};
/* End XCConfigurationList section */

/* Begin XCVersionGroup section */
		0A47A8542C22088D0074E928 /* CatsApp.xcdatamodeld */ = {
			isa = XCVersionGroup;
			children = (
				0A47A8552C22088D0074E928 /* CatsApp.xcdatamodel */,
			);
			currentVersion = 0A47A8552C22088D0074E928 /* CatsApp.xcdatamodel */;
			path = CatsApp.xcdatamodeld;
			sourceTree = "<group>";
			versionGroupType = wrapper.xcdatamodel;
		};
/* End XCVersionGroup section */
	};
	rootObject = 0A47A8042C2202360074E928 /* Project object */;
}
